{
  "name": "dig-gopher-explorer",
  "version": "2.0.0",
  "lockfileVersion": 3,
  "requires": true,
  "packages": {
    "": {
      "name": "dig-gopher-explorer",
      "version": "2.0.0",
      "bin": {
        "dig-gopher": "bin/dig.mjs"
      },
      "engines": {
        "node": ">=20"
      }
    }
  }
}
